// !$*UTF8*$!
{
	archiveVersion = 1;
	classes = {
	};
	objectVersion = 50;
	objects = {

/* Begin PBXBuildFile section */
		3D45F17A25F47E4900C38088 /* AppDelegate.swift in Sources */ = {isa = PBXBuildFile; fileRef = 3D45F17925F47E4900C38088 /* AppDelegate.swift */; };
		3D45F17C25F47E4900C38088 /* SceneDelegate.swift in Sources */ = {isa = PBXBuildFile; fileRef = 3D45F17B25F47E4900C38088 /* SceneDelegate.swift */; };
		3D45F17E25F47E4900C38088 /* ScreenViewController.swift in Sources */ = {isa = PBXBuildFile; fileRef = 3D45F17D25F47E4900C38088 /* ScreenViewController.swift */; };
		3D45F18325F47E4A00C38088 /* Assets.xcassets in Resources */ = {isa = PBXBuildFile; fileRef = 3D45F18225F47E4A00C38088 /* Assets.xcassets */; };
		3D45F18625F47E4A00C38088 /* LaunchScreen.storyboard in Resources */ = {isa = PBXBuildFile; fileRef = 3D45F18425F47E4A00C38088 /* LaunchScreen.storyboard */; };
		3D45F19125F47E4A00C38088 /* ChessTimerTests.swift in Sources */ = {isa = PBXBuildFile; fileRef = 3D45F19025F47E4A00C38088 /* ChessTimerTests.swift */; };
		3D45F19C25F47E4A00C38088 /* ChessTimerUITests.swift in Sources */ = {isa = PBXBuildFile; fileRef = 3D45F19B25F47E4A00C38088 /* ChessTimerUITests.swift */; };
		3D796BF525FC2ADD003AE306 /* TimePickerViewController.swift in Sources */ = {isa = PBXBuildFile; fileRef = 3D796BF425FC2ADD003AE306 /* TimePickerViewController.swift */; };
		3D796C0025FD8686003AE306 /* TimePickerDelegate.swift in Sources */ = {isa = PBXBuildFile; fileRef = 3D796BFF25FD8686003AE306 /* TimePickerDelegate.swift */; };
		3DD2B298261BD28300CBAFC8 /* TempCountdowntViewController.swift in Sources */ = {isa = PBXBuildFile; fileRef = 3DD2B297261BD28300CBAFC8 /* TempCountdowntViewController.swift */; };
		3DFBD2E225F5E6EA00972FFB /* Player.swift in Sources */ = {isa = PBXBuildFile; fileRef = 3DFBD2E125F5E6EA00972FFB /* Player.swift */; };
/* End PBXBuildFile section */

/* Begin PBXContainerItemProxy section */
		3D45F18D25F47E4A00C38088 /* PBXContainerItemProxy */ = {
			isa = PBXContainerItemProxy;
			containerPortal = 3D45F16E25F47E4900C38088 /* Project object */;
			proxyType = 1;
			remoteGlobalIDString = 3D45F17525F47E4900C38088;
			remoteInfo = ChessTimer;
		};
		3D45F19825F47E4A00C38088 /* PBXContainerItemProxy */ = {
			isa = PBXContainerItemProxy;
			containerPortal = 3D45F16E25F47E4900C38088 /* Project object */;
			proxyType = 1;
			remoteGlobalIDString = 3D45F17525F47E4900C38088;
			remoteInfo = ChessTimer;
		};
/* End PBXContainerItemProxy section */

/* Begin PBXFileReference section */
		3D45F17625F47E4900C38088 /* ChessTimer.app */ = {isa = PBXFileReference; explicitFileType = wrapper.application; includeInIndex = 0; path = ChessTimer.app; sourceTree = BUILT_PRODUCTS_DIR; };
		3D45F17925F47E4900C38088 /* AppDelegate.swift */ = {isa = PBXFileReference; lastKnownFileType = sourcecode.swift; path = AppDelegate.swift; sourceTree = "<group>"; };
		3D45F17B25F47E4900C38088 /* SceneDelegate.swift */ = {isa = PBXFileReference; lastKnownFileType = sourcecode.swift; path = SceneDelegate.swift; sourceTree = "<group>"; };
		3D45F17D25F47E4900C38088 /* ScreenViewController.swift */ = {isa = PBXFileReference; lastKnownFileType = sourcecode.swift; path = ScreenViewController.swift; sourceTree = "<group>"; };
		3D45F18225F47E4A00C38088 /* Assets.xcassets */ = {isa = PBXFileReference; lastKnownFileType = folder.assetcatalog; path = Assets.xcassets; sourceTree = "<group>"; };
		3D45F18525F47E4A00C38088 /* Base */ = {isa = PBXFileReference; lastKnownFileType = file.storyboard; name = Base; path = Base.lproj/LaunchScreen.storyboard; sourceTree = "<group>"; };
		3D45F18725F47E4A00C38088 /* Info.plist */ = {isa = PBXFileReference; lastKnownFileType = text.plist.xml; path = Info.plist; sourceTree = "<group>"; };
		3D45F18C25F47E4A00C38088 /* ChessTimerTests.xctest */ = {isa = PBXFileReference; explicitFileType = wrapper.cfbundle; includeInIndex = 0; path = ChessTimerTests.xctest; sourceTree = BUILT_PRODUCTS_DIR; };
		3D45F19025F47E4A00C38088 /* ChessTimerTests.swift */ = {isa = PBXFileReference; lastKnownFileType = sourcecode.swift; path = ChessTimerTests.swift; sourceTree = "<group>"; };
		3D45F19225F47E4A00C38088 /* Info.plist */ = {isa = PBXFileReference; lastKnownFileType = text.plist.xml; path = Info.plist; sourceTree = "<group>"; };
		3D45F19725F47E4A00C38088 /* ChessTimerUITests.xctest */ = {isa = PBXFileReference; explicitFileType = wrapper.cfbundle; includeInIndex = 0; path = ChessTimerUITests.xctest; sourceTree = BUILT_PRODUCTS_DIR; };
		3D45F19B25F47E4A00C38088 /* ChessTimerUITests.swift */ = {isa = PBXFileReference; lastKnownFileType = sourcecode.swift; path = ChessTimerUITests.swift; sourceTree = "<group>"; };
		3D45F19D25F47E4A00C38088 /* Info.plist */ = {isa = PBXFileReference; lastKnownFileType = text.plist.xml; path = Info.plist; sourceTree = "<group>"; };
		3D796BF425FC2ADD003AE306 /* TimePickerViewController.swift */ = {isa = PBXFileReference; lastKnownFileType = sourcecode.swift; path = TimePickerViewController.swift; sourceTree = "<group>"; };
		3D796BFF25FD8686003AE306 /* TimePickerDelegate.swift */ = {isa = PBXFileReference; lastKnownFileType = sourcecode.swift; path = TimePickerDelegate.swift; sourceTree = "<group>"; };
		3DD2B297261BD28300CBAFC8 /* TempCountdowntViewController.swift */ = {isa = PBXFileReference; lastKnownFileType = sourcecode.swift; path = TempCountdowntViewController.swift; sourceTree = "<group>"; };
		3DFBD2E125F5E6EA00972FFB /* Player.swift */ = {isa = PBXFileReference; lastKnownFileType = sourcecode.swift; path = Player.swift; sourceTree = "<group>"; };
/* End PBXFileReference section */

/* Begin PBXFrameworksBuildPhase section */
		3D45F17325F47E4900C38088 /* Frameworks */ = {
			isa = PBXFrameworksBuildPhase;
			buildActionMask = 2147483647;
			files = (
			);
			runOnlyForDeploymentPostprocessing = 0;
		};
		3D45F18925F47E4A00C38088 /* Frameworks */ = {
			isa = PBXFrameworksBuildPhase;
			buildActionMask = 2147483647;
			files = (
			);
			runOnlyForDeploymentPostprocessing = 0;
		};
		3D45F19425F47E4A00C38088 /* Frameworks */ = {
			isa = PBXFrameworksBuildPhase;
			buildActionMask = 2147483647;
			files = (
			);
			runOnlyForDeploymentPostprocessing = 0;
		};
/* End PBXFrameworksBuildPhase section */

/* Begin PBXGroup section */
		3D45F16D25F47E4900C38088 = {
			isa = PBXGroup;
			children = (
				3D45F17825F47E4900C38088 /* ChessTimer */,
				3D45F18F25F47E4A00C38088 /* ChessTimerTests */,
				3D45F19A25F47E4A00C38088 /* ChessTimerUITests */,
				3D45F17725F47E4900C38088 /* Products */,
			);
			sourceTree = "<group>";
		};
		3D45F17725F47E4900C38088 /* Products */ = {
			isa = PBXGroup;
			children = (
				3D45F17625F47E4900C38088 /* ChessTimer.app */,
				3D45F18C25F47E4A00C38088 /* ChessTimerTests.xctest */,
				3D45F19725F47E4A00C38088 /* ChessTimerUITests.xctest */,
			);
			name = Products;
			sourceTree = "<group>";
		};
		3D45F17825F47E4900C38088 /* ChessTimer */ = {
			isa = PBXGroup;
			children = (
				3D45F17925F47E4900C38088 /* AppDelegate.swift */,
				3D45F17B25F47E4900C38088 /* SceneDelegate.swift */,
				3DD2B297261BD28300CBAFC8 /* TempCountdowntViewController.swift */,
				3D45F17D25F47E4900C38088 /* ScreenViewController.swift */,
				3D796BF425FC2ADD003AE306 /* TimePickerViewController.swift */,
				3D796BFF25FD8686003AE306 /* TimePickerDelegate.swift */,
				3DFBD2E125F5E6EA00972FFB /* Player.swift */,
				3D45F18225F47E4A00C38088 /* Assets.xcassets */,
				3D45F18425F47E4A00C38088 /* LaunchScreen.storyboard */,
				3D45F18725F47E4A00C38088 /* Info.plist */,
			);
			path = ChessTimer;
			sourceTree = "<group>";
		};
		3D45F18F25F47E4A00C38088 /* ChessTimerTests */ = {
			isa = PBXGroup;
			children = (
				3D45F19025F47E4A00C38088 /* ChessTimerTests.swift */,
				3D45F19225F47E4A00C38088 /* Info.plist */,
			);
			path = ChessTimerTests;
			sourceTree = "<group>";
		};
		3D45F19A25F47E4A00C38088 /* ChessTimerUITests */ = {
			isa = PBXGroup;
			children = (
				3D45F19B25F47E4A00C38088 /* ChessTimerUITests.swift */,
				3D45F19D25F47E4A00C38088 /* Info.plist */,
			);
			path = ChessTimerUITests;
			sourceTree = "<group>";
		};
/* End PBXGroup section */

/* Begin PBXNativeTarget section */
		3D45F17525F47E4900C38088 /* ChessTimer */ = {
			isa = PBXNativeTarget;
			buildConfigurationList = 3D45F1A025F47E4A00C38088 /* Build configuration list for PBXNativeTarget "ChessTimer" */;
			buildPhases = (
				3D45F17225F47E4900C38088 /* Sources */,
				3D45F17325F47E4900C38088 /* Frameworks */,
				3D45F17425F47E4900C38088 /* Resources */,
			);
			buildRules = (
			);
			dependencies = (
			);
			name = ChessTimer;
			productName = ChessTimer;
			productReference = 3D45F17625F47E4900C38088 /* ChessTimer.app */;
			productType = "com.apple.product-type.application";
		};
		3D45F18B25F47E4A00C38088 /* ChessTimerTests */ = {
			isa = PBXNativeTarget;
			buildConfigurationList = 3D45F1A325F47E4A00C38088 /* Build configuration list for PBXNativeTarget "ChessTimerTests" */;
			buildPhases = (
				3D45F18825F47E4A00C38088 /* Sources */,
				3D45F18925F47E4A00C38088 /* Frameworks */,
				3D45F18A25F47E4A00C38088 /* Resources */,
			);
			buildRules = (
			);
			dependencies = (
				3D45F18E25F47E4A00C38088 /* PBXTargetDependency */,
			);
			name = ChessTimerTests;
			productName = ChessTimerTests;
			productReference = 3D45F18C25F47E4A00C38088 /* ChessTimerTests.xctest */;
			productType = "com.apple.product-type.bundle.unit-test";
		};
		3D45F19625F47E4A00C38088 /* ChessTimerUITests */ = {
			isa = PBXNativeTarget;
			buildConfigurationList = 3D45F1A625F47E4A00C38088 /* Build configuration list for PBXNativeTarget "ChessTimerUITests" */;
			buildPhases = (
				3D45F19325F47E4A00C38088 /* Sources */,
				3D45F19425F47E4A00C38088 /* Frameworks */,
				3D45F19525F47E4A00C38088 /* Resources */,
			);
			buildRules = (
			);
			dependencies = (
				3D45F19925F47E4A00C38088 /* PBXTargetDependency */,
			);
			name = ChessTimerUITests;
			productName = ChessTimerUITests;
			productReference = 3D45F19725F47E4A00C38088 /* ChessTimerUITests.xctest */;
			productType = "com.apple.product-type.bundle.ui-testing";
		};
/* End PBXNativeTarget section */

/* Begin PBXProject section */
		3D45F16E25F47E4900C38088 /* Project object */ = {
			isa = PBXProject;
			attributes = {
				LastSwiftUpdateCheck = 1230;
				LastUpgradeCheck = 1230;
				TargetAttributes = {
					3D45F17525F47E4900C38088 = {
						CreatedOnToolsVersion = 12.3;
					};
					3D45F18B25F47E4A00C38088 = {
						CreatedOnToolsVersion = 12.3;
						TestTargetID = 3D45F17525F47E4900C38088;
					};
					3D45F19625F47E4A00C38088 = {
						CreatedOnToolsVersion = 12.3;
						TestTargetID = 3D45F17525F47E4900C38088;
					};
				};
			};
			buildConfigurationList = 3D45F17125F47E4900C38088 /* Build configuration list for PBXProject "ChessTimer" */;
			compatibilityVersion = "Xcode 9.3";
			developmentRegion = en;
			hasScannedForEncodings = 0;
			knownRegions = (
				en,
				Base,
			);
			mainGroup = 3D45F16D25F47E4900C38088;
			productRefGroup = 3D45F17725F47E4900C38088 /* Products */;
			projectDirPath = "";
			projectRoot = "";
			targets = (
				3D45F17525F47E4900C38088 /* ChessTimer */,
				3D45F18B25F47E4A00C38088 /* ChessTimerTests */,
				3D45F19625F47E4A00C38088 /* ChessTimerUITests */,
			);
		};
/* End PBXProject section */

/* Begin PBXResourcesBuildPhase section */
		3D45F17425F47E4900C38088 /* Resources */ = {
			isa = PBXResourcesBuildPhase;
			buildActionMask = 2147483647;
			files = (
				3D45F18625F47E4A00C38088 /* LaunchScreen.storyboard in Resources */,
				3D45F18325F47E4A00C38088 /* Assets.xcassets in Resources */,
			);
			runOnlyForDeploymentPostprocessing = 0;
		};
		3D45F18A25F47E4A00C38088 /* Resources */ = {
			isa = PBXResourcesBuildPhase;
			buildActionMask = 2147483647;
			files = (
			);
			runOnlyForDeploymentPostprocessing = 0;
		};
		3D45F19525F47E4A00C38088 /* Resources */ = {
			isa = PBXResourcesBuildPhase;
			buildActionMask = 2147483647;
			files = (
			);
			runOnlyForDeploymentPostprocessing = 0;
		};
/* End PBXResourcesBuildPhase section */

/* Begin PBXSourcesBuildPhase section */
		3D45F17225F47E4900C38088 /* Sources */ = {
			isa = PBXSourcesBuildPhase;
			buildActionMask = 2147483647;
			files = (
				3DFBD2E225F5E6EA00972FFB /* Player.swift in Sources */,
				3D45F17E25F47E4900C38088 /* ScreenViewController.swift in Sources */,
				3D45F17A25F47E4900C38088 /* AppDelegate.swift in Sources */,
				3D796C0025FD8686003AE306 /* TimePickerDelegate.swift in Sources */,
				3D796BF525FC2ADD003AE306 /* TimePickerViewController.swift in Sources */,
				3D45F17C25F47E4900C38088 /* SceneDelegate.swift in Sources */,
				3DD2B298261BD28300CBAFC8 /* TempCountdowntViewController.swift in Sources */,
			);
			runOnlyForDeploymentPostprocessing = 0;
		};
		3D45F18825F47E4A00C38088 /* Sources */ = {
			isa = PBXSourcesBuildPhase;
			buildActionMask = 2147483647;
			files = (
				3D45F19125F47E4A00C38088 /* ChessTimerTests.swift in Sources */,
			);
			runOnlyForDeploymentPostprocessing = 0;
		};
		3D45F19325F47E4A00C38088 /* Sources */ = {
			isa = PBXSourcesBuildPhase;
			buildActionMask = 2147483647;
			files = (
				3D45F19C25F47E4A00C38088 /* ChessTimerUITests.swift in Sources */,
			);
			runOnlyForDeploymentPostprocessing = 0;
		};
/* End PBXSourcesBuildPhase section */

/* Begin PBXTargetDependency section */
		3D45F18E25F47E4A00C38088 /* PBXTargetDependency */ = {
			isa = PBXTargetDependency;
			target = 3D45F17525F47E4900C38088 /* ChessTimer */;
			targetProxy = 3D45F18D25F47E4A00C38088 /* PBXContainerItemProxy */;
		};
		3D45F19925F47E4A00C38088 /* PBXTargetDependency */ = {
			isa = PBXTargetDependency;
			target = 3D45F17525F47E4900C38088 /* ChessTimer */;
			targetProxy = 3D45F19825F47E4A00C38088 /* PBXContainerItemProxy */;
		};
/* End PBXTargetDependency section */

/* Begin PBXVariantGroup section */
		3D45F18425F47E4A00C38088 /* LaunchScreen.storyboard */ = {
			isa = PBXVariantGroup;
			children = (
				3D45F18525F47E4A00C38088 /* Base */,
			);
			name = LaunchScreen.storyboard;
			sourceTree = "<group>";
		};
/* End PBXVariantGroup section */

/* Begin XCBuildConfiguration section */
		3D45F19E25F47E4A00C38088 /* Debug */ = {
			isa = XCBuildConfiguration;
			buildSettings = {
				ALWAYS_SEARCH_USER_PATHS = NO;
				CLANG_ANALYZER_NONNULL = YES;
				CLANG_ANALYZER_NUMBER_OBJECT_CONVERSION = YES_AGGRESSIVE;
				CLANG_CXX_LANGUAGE_STANDARD = "gnu++14";
				CLANG_CXX_LIBRARY = "libc++";
				CLANG_ENABLE_MODULES = YES;
				CLANG_ENABLE_OBJC_ARC = YES;
				CLANG_ENABLE_OBJC_WEAK = YES;
				CLANG_WARN_BLOCK_CAPTURE_AUTORELEASING = YES;
				CLANG_WARN_BOOL_CONVERSION = YES;
				CLANG_WARN_COMMA = YES;
				CLANG_WARN_CONSTANT_CONVERSION = YES;
				CLANG_WARN_DEPRECATED_OBJC_IMPLEMENTATIONS = YES;
				CLANG_WARN_DIRECT_OBJC_ISA_USAGE = YES_ERROR;
				CLANG_WARN_DOCUMENTATION_COMMENTS = YES;
				CLANG_WARN_EMPTY_BODY = YES;
				CLANG_WARN_ENUM_CONVERSION = YES;
				CLANG_WARN_INFINITE_RECURSION = YES;
				CLANG_WARN_INT_CONVERSION = YES;
				CLANG_WARN_NON_LITERAL_NULL_CONVERSION = YES;
				CLANG_WARN_OBJC_IMPLICIT_RETAIN_SELF = YES;
				CLANG_WARN_OBJC_LITERAL_CONVERSION = YES;
				CLANG_WARN_OBJC_ROOT_CLASS = YES_ERROR;
				CLANG_WARN_QUOTED_INCLUDE_IN_FRAMEWORK_HEADER = YES;
				CLANG_WARN_RANGE_LOOP_ANALYSIS = YES;
				CLANG_WARN_STRICT_PROTOTYPES = YES;
				CLANG_WARN_SUSPICIOUS_MOVE = YES;
				CLANG_WARN_UNGUARDED_AVAILABILITY = YES_AGGRESSIVE;
				CLANG_WARN_UNREACHABLE_CODE = YES;
				CLANG_WARN__DUPLICATE_METHOD_MATCH = YES;
				COPY_PHASE_STRIP = NO;
				DEBUG_INFORMATION_FORMAT = dwarf;
				ENABLE_STRICT_OBJC_MSGSEND = YES;
				ENABLE_TESTABILITY = YES;
				GCC_C_LANGUAGE_STANDARD = gnu11;
				GCC_DYNAMIC_NO_PIC = NO;
				GCC_NO_COMMON_BLOCKS = YES;
				GCC_OPTIMIZATION_LEVEL = 0;
				GCC_PREPROCESSOR_DEFINITIONS = (
					"DEBUG=1",
					"$(inherited)",
				);
				GCC_WARN_64_TO_32_BIT_CONVERSION = YES;
				GCC_WARN_ABOUT_RETURN_TYPE = YES_ERROR;
				GCC_WARN_UNDECLARED_SELECTOR = YES;
				GCC_WARN_UNINITIALIZED_AUTOS = YES_AGGRESSIVE;
				GCC_WARN_UNUSED_FUNCTION = YES;
				GCC_WARN_UNUSED_VARIABLE = YES;
				IPHONEOS_DEPLOYMENT_TARGET = 14.3;
				MTL_ENABLE_DEBUG_INFO = INCLUDE_SOURCE;
				MTL_FAST_MATH = YES;
				ONLY_ACTIVE_ARCH = YES;
				SDKROOT = iphoneos;
				SWIFT_ACTIVE_COMPILATION_CONDITIONS = DEBUG;
				SWIFT_OPTIMIZATION_LEVEL = "-Onone";
			};
			name = Debug;
		};
		3D45F19F25F47E4A00C38088 /* Release */ = {
			isa = XCBuildConfiguration;
			buildSettings = {
				ALWAYS_SEARCH_USER_PATHS = NO;
				CLANG_ANALYZER_NONNULL = YES;
				CLANG_ANALYZER_NUMBER_OBJECT_CONVERSION = YES_AGGRESSIVE;
				CLANG_CXX_LANGUAGE_STANDARD = "gnu++14";
				CLANG_CXX_LIBRARY = "libc++";
				CLANG_ENABLE_MODULES = YES;
				CLANG_ENABLE_OBJC_ARC = YES;
				CLANG_ENABLE_OBJC_WEAK = YES;
				CLANG_WARN_BLOCK_CAPTURE_AUTORELEASING = YES;
				CLANG_WARN_BOOL_CONVERSION = YES;
				CLANG_WARN_COMMA = YES;
				CLANG_WARN_CONSTANT_CONVERSION = YES;
				CLANG_WARN_DEPRECATED_OBJC_IMPLEMENTATIONS = YES;
				CLANG_WARN_DIRECT_OBJC_ISA_USAGE = YES_ERROR;
				CLANG_WARN_DOCUMENTATION_COMMENTS = YES;
				CLANG_WARN_EMPTY_BODY = YES;
				CLANG_WARN_ENUM_CONVERSION = YES;
				CLANG_WARN_INFINITE_RECURSION = YES;
				CLANG_WARN_INT_CONVERSION = YES;
				CLANG_WARN_NON_LITERAL_NULL_CONVERSION = YES;
				CLANG_WARN_OBJC_IMPLICIT_RETAIN_SELF = YES;
				CLANG_WARN_OBJC_LITERAL_CONVERSION = YES;
				CLANG_WARN_OBJC_ROOT_CLASS = YES_ERROR;
				CLANG_WARN_QUOTED_INCLUDE_IN_FRAMEWORK_HEADER = YES;
				CLANG_WARN_RANGE_LOOP_ANALYSIS = YES;
				CLANG_WARN_STRICT_PROTOTYPES = YES;
				CLANG_WARN_SUSPICIOUS_MOVE = YES;
				CLANG_WARN_UNGUARDED_AVAILABILITY = YES_AGGRESSIVE;
				CLANG_WARN_UNREACHABLE_CODE = YES;
				CLANG_WARN__DUPLICATE_METHOD_MATCH = YES;
				COPY_PHASE_STRIP = NO;
				DEBUG_INFORMATION_FORMAT = "dwarf-with-dsym";
				ENABLE_NS_ASSERTIONS = NO;
				ENABLE_STRICT_OBJC_MSGSEND = YES;
				GCC_C_LANGUAGE_STANDARD = gnu11;
				GCC_NO_COMMON_BLOCKS = YES;
				GCC_WARN_64_TO_32_BIT_CONVERSION = YES;
				GCC_WARN_ABOUT_RETURN_TYPE = YES_ERROR;
				GCC_WARN_UNDECLARED_SELECTOR = YES;
				GCC_WARN_UNINITIALIZED_AUTOS = YES_AGGRESSIVE;
				GCC_WARN_UNUSED_FUNCTION = YES;
				GCC_WARN_UNUSED_VARIABLE = YES;
				IPHONEOS_DEPLOYMENT_TARGET = 14.3;
				MTL_ENABLE_DEBUG_INFO = NO;
				MTL_FAST_MATH = YES;
				SDKROOT = iphoneos;
				SWIFT_COMPILATION_MODE = wholemodule;
				SWIFT_OPTIMIZATION_LEVEL = "-O";
				VALIDATE_PRODUCT = YES;
			};
			name = Release;
		};
		3D45F1A125F47E4A00C38088 /* Debug */ = {
			isa = XCBuildConfiguration;
			buildSettings = {
				ASSETCATALOG_COMPILER_APPICON_NAME = AppIcon;
				ASSETCATALOG_COMPILER_GLOBAL_ACCENT_COLOR_NAME = AccentColor;
				CODE_SIGN_STYLE = Automatic;
				DEVELOPMENT_TEAM = KB8J5QDTYU;
				INFOPLIST_FILE = ChessTimer/Info.plist;
				LD_RUNPATH_SEARCH_PATHS = (
					"$(inherited)",
					"@executable_path/Frameworks",
				);
				PRODUCT_BUNDLE_IDENTIFIER = com.manny.ChessTimer;
				PRODUCT_NAME = "$(TARGET_NAME)";
				SWIFT_VERSION = 5.0;
				TARGETED_DEVICE_FAMILY = "1,2";
			};
			name = Debug;
		};
		3D45F1A225F47E4A00C38088 /* Release */ = {
			isa = XCBuildConfiguration;
			buildSettings = {
				ASSETCATALOG_COMPILER_APPICON_NAME = AppIcon;
				ASSETCATALOG_COMPILER_GLOBAL_ACCENT_COLOR_NAME = AccentColor;
				CODE_SIGN_STYLE = Automatic;
				DEVELOPMENT_TEAM = KB8J5QDTYU;
				INFOPLIST_FILE = ChessTimer/Info.plist;
				LD_RUNPATH_SEARCH_PATHS = (
					"$(inherited)",
					"@executable_path/Frameworks",
				);
				PRODUCT_BUNDLE_IDENTIFIER = com.manny.ChessTimer;
				PRODUCT_NAME = "$(TARGET_NAME)";
				SWIFT_VERSION = 5.0;
				TARGETED_DEVICE_FAMILY = "1,2";
			};
			name = Release;
		};
		3D45F1A425F47E4A00C38088 /* Debug */ = {
			isa = XCBuildConfiguration;
			buildSettings = {
				ALWAYS_EMBED_SWIFT_STANDARD_LIBRARIES = YES;
				BUNDLE_LOADER = "$(TEST_HOST)";
				CODE_SIGN_STYLE = Automatic;
				DEVELOPMENT_TEAM = KB8J5QDTYU;
				INFOPLIST_FILE = ChessTimerTests/Info.plist;
				IPHONEOS_DEPLOYMENT_TARGET = 14.3;
				LD_RUNPATH_SEARCH_PATHS = (
					"$(inherited)",
					"@executable_path/Frameworks",
					"@loader_path/Frameworks",
				);
				PRODUCT_BUNDLE_IDENTIFIER = com.manny.ChessTimerTests;
				PRODUCT_NAME = "$(TARGET_NAME)";
				SWIFT_VERSION = 5.0;
				TARGETED_DEVICE_FAMILY = "1,2";
				TEST_HOST = "$(BUILT_PRODUCTS_DIR)/ChessTimer.app/ChessTimer";
			};
			name = Debug;
		};
		3D45F1A525F47E4A00C38088 /* Release */ = {
			isa = XCBuildConfiguration;
			buildSettings = {
				ALWAYS_EMBED_SWIFT_STANDARD_LIBRARIES = YES;
				BUNDLE_LOADER = "$(TEST_HOST)";
				CODE_SIGN_STYLE = Automatic;
				DEVELOPMENT_TEAM = KB8J5QDTYU;
				INFOPLIST_FILE = ChessTimerTests/Info.plist;
				IPHONEOS_DEPLOYMENT_TARGET = 14.3;
				LD_RUNPATH_SEARCH_PATHS = (
					"$(inherited)",
					"@executable_path/Frameworks",
					"@loader_path/Frameworks",
				);
				PRODUCT_BUNDLE_IDENTIFIER = com.manny.ChessTimerTests;
				PRODUCT_NAME = "$(TARGET_NAME)";
				SWIFT_VERSION = 5.0;
				TARGETED_DEVICE_FAMILY = "1,2";
				TEST_HOST = "$(BUILT_PRODUCTS_DIR)/ChessTimer.app/ChessTimer";
			};
			name = Release;
		};
		3D45F1A725F47E4A00C38088 /* Debug */ = {
			isa = XCBuildConfiguration;
			buildSettings = {
				ALWAYS_EMBED_SWIFT_STANDARD_LIBRARIES = YES;
				CODE_SIGN_STYLE = Automatic;
				DEVELOPMENT_TEAM = KB8J5QDTYU;
				INFOPLIST_FILE = ChessTimerUITests/Info.plist;
				LD_RUNPATH_SEARCH_PATHS = (
					"$(inherited)",
					"@executable_path/Frameworks",
					"@loader_path/Frameworks",
				);
				PRODUCT_BUNDLE_IDENTIFIER = com.manny.ChessTimerUITests;
				PRODUCT_NAME = "$(TARGET_NAME)";
				SWIFT_VERSION = 5.0;
				TARGETED_DEVICE_FAMILY = "1,2";
				TEST_TARGET_NAME = ChessTimer;
			};
			name = Debug;
		};
		3D45F1A825F47E4A00C38088 /* Release */ = {
			isa = XCBuildConfiguration;
			buildSettings = {
				ALWAYS_EMBED_SWIFT_STANDARD_LIBRARIES = YES;
				CODE_SIGN_STYLE = Automatic;
				DEVELOPMENT_TEAM = KB8J5QDTYU;
				INFOPLIST_FILE = ChessTimerUITests/Info.plist;
				LD_RUNPATH_SEARCH_PATHS = (
					"$(inherited)",
					"@executable_path/Frameworks",
					"@loader_path/Frameworks",
				);
				PRODUCT_BUNDLE_IDENTIFIER = com.manny.ChessTimerUITests;
				PRODUCT_NAME = "$(TARGET_NAME)";
				SWIFT_VERSION = 5.0;
				TARGETED_DEVICE_FAMILY = "1,2";
				TEST_TARGET_NAME = ChessTimer;
			};
			name = Release;
		};
/* End XCBuildConfiguration section */

/* Begin XCConfigurationList section */
		3D45F17125F47E4900C38088 /* Build configuration list for PBXProject "ChessTimer" */ = {
			isa = XCConfigurationList;
			buildConfigurations = (
				3D45F19E25F47E4A00C38088 /* Debug */,
				3D45F19F25F47E4A00C38088 /* Release */,
			);
			defaultConfigurationIsVisible = 0;
			defaultConfigurationName = Release;
		};
		3D45F1A025F47E4A00C38088 /* Build configuration list for PBXNativeTarget "ChessTimer" */ = {
			isa = XCConfigurationList;
			buildConfigurations = (
				3D45F1A125F47E4A00C38088 /* Debug */,
				3D45F1A225F47E4A00C38088 /* Release */,
			);
			defaultConfigurationIsVisible = 0;
			defaultConfigurationName = Release;
		};
		3D45F1A325F47E4A00C38088 /* Build configuration list for PBXNativeTarget "ChessTimerTests" */ = {
			isa = XCConfigurationList;
			buildConfigurations = (
				3D45F1A425F47E4A00C38088 /* Debug */,
				3D45F1A525F47E4A00C38088 /* Release */,
			);
			defaultConfigurationIsVisible = 0;
			defaultConfigurationName = Release;
		};
		3D45F1A625F47E4A00C38088 /* Build configuration list for PBXNativeTarget "ChessTimerUITests" */ = {
			isa = XCConfigurationList;
			buildConfigurations = (
				3D45F1A725F47E4A00C38088 /* Debug */,
				3D45F1A825F47E4A00C38088 /* Release */,
			);
			defaultConfigurationIsVisible = 0;
			defaultConfigurationName = Release;
		};
/* End XCConfigurationList section */
	};
	rootObject = 3D45F16E25F47E4900C38088 /* Project object */;
}
